// !$*UTF8*$!
{
	archiveVersion = 1;
	classes = {
	};
	objectVersion = 48;
	objects = {

/* Begin PBXBuildFile section */
		189CDE051EF7A7C900C1D59C /* AppDelegate.m in Sources */ = {isa = PBXBuildFile; fileRef = 189CDE041EF7A7C900C1D59C /* AppDelegate.m */; };
		189CDE081EF7A7C900C1D59C /* ViewController.m in Sources */ = {isa = PBXBuildFile; fileRef = 189CDE071EF7A7C900C1D59C /* ViewController.m */; };
		189CDE0B1EF7A7C900C1D59C /* Main.storyboard in Resources */ = {isa = PBXBuildFile; fileRef = 189CDE091EF7A7C900C1D59C /* Main.storyboard */; };
		189CDE0D1EF7A7C900C1D59C /* Assets.xcassets in Resources */ = {isa = PBXBuildFile; fileRef = 189CDE0C1EF7A7C900C1D59C /* Assets.xcassets */; };
		189CDE101EF7A7C900C1D59C /* LaunchScreen.storyboard in Resources */ = {isa = PBXBuildFile; fileRef = 189CDE0E1EF7A7C900C1D59C /* LaunchScreen.storyboard */; };
		189CDE131EF7A7C900C1D59C /* main.m in Sources */ = {isa = PBXBuildFile; fileRef = 189CDE121EF7A7C900C1D59C /* main.m */; };
		189CDE1B1EF7A8B400C1D59C /* ManFactory.m in Sources */ = {isa = PBXBuildFile; fileRef = 189CDE1A1EF7A8B400C1D59C /* ManFactory.m */; };
		189CDE1F1EF7AD3D00C1D59C /* Man.m in Sources */ = {isa = PBXBuildFile; fileRef = 189CDE1E1EF7AD3D00C1D59C /* Man.m */; };
		189CDE221EF7AE0300C1D59C /* Women.m in Sources */ = {isa = PBXBuildFile; fileRef = 189CDE211EF7AE0300C1D59C /* Women.m */; };
		189CDE251EF7B08600C1D59C /* WomenFactory.m in Sources */ = {isa = PBXBuildFile; fileRef = 189CDE241EF7B08600C1D59C /* WomenFactory.m */; };
		189CDE281EF7BBD200C1D59C /* config.json in Resources */ = {isa = PBXBuildFile; fileRef = 189CDE271EF7BBD100C1D59C /* config.json */; };
		189CDE2B1EF7BC5D00C1D59C /* FactoryEngine.m in Sources */ = {isa = PBXBuildFile; fileRef = 189CDE2A1EF7BC5D00C1D59C /* FactoryEngine.m */; };
/* End PBXBuildFile section */

/* Begin PBXFileReference section */
		189CDE001EF7A7C800C1D59C /* FactoryDesign.app */ = {isa = PBXFileReference; explicitFileType = wrapper.application; includeInIndex = 0; path = FactoryDesign.app; sourceTree = BUILT_PRODUCTS_DIR; };
		189CDE031EF7A7C900C1D59C /* AppDelegate.h */ = {isa = PBXFileReference; lastKnownFileType = sourcecode.c.h; path = AppDelegate.h; sourceTree = "<group>"; };
		189CDE041EF7A7C900C1D59C /* AppDelegate.m */ = {isa = PBXFileReference; lastKnownFileType = sourcecode.c.objc; path = AppDelegate.m; sourceTree = "<group>"; };
		189CDE061EF7A7C900C1D59C /* ViewController.h */ = {isa = PBXFileReference; lastKnownFileType = sourcecode.c.h; path = ViewController.h; sourceTree = "<group>"; };
		189CDE071EF7A7C900C1D59C /* ViewController.m */ = {isa = PBXFileReference; lastKnownFileType = sourcecode.c.objc; path = ViewController.m; sourceTree = "<group>"; };
		189CDE0A1EF7A7C900C1D59C /* Base */ = {isa = PBXFileReference; lastKnownFileType = file.storyboard; name = Base; path = Base.lproj/Main.storyboard; sourceTree = "<group>"; };
		189CDE0C1EF7A7C900C1D59C /* Assets.xcassets */ = {isa = PBXFileReference; lastKnownFileType = folder.assetcatalog; path = Assets.xcassets; sourceTree = "<group>"; };
		189CDE0F1EF7A7C900C1D59C /* Base */ = {isa = PBXFileReference; lastKnownFileType = file.storyboard; name = Base; path = Base.lproj/LaunchScreen.storyboard; sourceTree = "<group>"; };
		189CDE111EF7A7C900C1D59C /* Info.plist */ = {isa = PBXFileReference; lastKnownFileType = text.plist.xml; path = Info.plist; sourceTree = "<group>"; };
		189CDE121EF7A7C900C1D59C /* main.m */ = {isa = PBXFileReference; lastKnownFileType = sourcecode.c.objc; path = main.m; sourceTree = "<group>"; };
		189CDE191EF7A8B400C1D59C /* ManFactory.h */ = {isa = PBXFileReference; lastKnownFileType = sourcecode.c.h; path = ManFactory.h; sourceTree = "<group>"; };
		189CDE1A1EF7A8B400C1D59C /* ManFactory.m */ = {isa = PBXFileReference; lastKnownFileType = sourcecode.c.objc; path = ManFactory.m; sourceTree = "<group>"; };
		189CDE1C1EF7A91000C1D59C /* PersonProtocol.h */ = {isa = PBXFileReference; lastKnownFileType = sourcecode.c.h; path = PersonProtocol.h; sourceTree = "<group>"; };
		189CDE1D1EF7AD3D00C1D59C /* Man.h */ = {isa = PBXFileReference; lastKnownFileType = sourcecode.c.h; path = Man.h; sourceTree = "<group>"; };
		189CDE1E1EF7AD3D00C1D59C /* Man.m */ = {isa = PBXFileReference; lastKnownFileType = sourcecode.c.objc; path = Man.m; sourceTree = "<group>"; };
		189CDE201EF7AE0300C1D59C /* Women.h */ = {isa = PBXFileReference; lastKnownFileType = sourcecode.c.h; path = Women.h; sourceTree = "<group>"; };
		189CDE211EF7AE0300C1D59C /* Women.m */ = {isa = PBXFileReference; lastKnownFileType = sourcecode.c.objc; path = Women.m; sourceTree = "<group>"; };
		189CDE231EF7B08600C1D59C /* WomenFactory.h */ = {isa = PBXFileReference; lastKnownFileType = sourcecode.c.h; path = WomenFactory.h; sourceTree = "<group>"; };
		189CDE241EF7B08600C1D59C /* WomenFactory.m */ = {isa = PBXFileReference; lastKnownFileType = sourcecode.c.objc; path = WomenFactory.m; sourceTree = "<group>"; };
		189CDE261EF7B65100C1D59C /* Factory.h */ = {isa = PBXFileReference; lastKnownFileType = sourcecode.c.h; path = Factory.h; sourceTree = "<group>"; };
		189CDE271EF7BBD100C1D59C /* config.json */ = {isa = PBXFileReference; fileEncoding = 4; lastKnownFileType = text.json; name = config.json; path = ../../config.json; sourceTree = "<group>"; };
		189CDE291EF7BC5D00C1D59C /* FactoryEngine.h */ = {isa = PBXFileReference; lastKnownFileType = sourcecode.c.h; path = FactoryEngine.h; sourceTree = "<group>"; };
		189CDE2A1EF7BC5D00C1D59C /* FactoryEngine.m */ = {isa = PBXFileReference; lastKnownFileType = sourcecode.c.objc; path = FactoryEngine.m; sourceTree = "<group>"; };
/* End PBXFileReference section */

/* Begin PBXFrameworksBuildPhase section */
		189CDDFD1EF7A7C800C1D59C /* Frameworks */ = {
			isa = PBXFrameworksBuildPhase;
			buildActionMask = 2147483647;
			files = (
			);
			runOnlyForDeploymentPostprocessing = 0;
		};
/* End PBXFrameworksBuildPhase section */

/* Begin PBXGroup section */
		189CDDF71EF7A7C700C1D59C = {
			isa = PBXGroup;
			children = (
				189CDE021EF7A7C800C1D59C /* FactoryDesign */,
				189CDE011EF7A7C800C1D59C /* Products */,
			);
			sourceTree = "<group>";
		};
		189CDE011EF7A7C800C1D59C /* Products */ = {
			isa = PBXGroup;
			children = (
				189CDE001EF7A7C800C1D59C /* FactoryDesign.app */,
			);
			name = Products;
			sourceTree = "<group>";
		};
		189CDE021EF7A7C800C1D59C /* FactoryDesign */ = {
			isa = PBXGroup;
			children = (
				189CDE031EF7A7C900C1D59C /* AppDelegate.h */,
				189CDE041EF7A7C900C1D59C /* AppDelegate.m */,
				189CDE061EF7A7C900C1D59C /* ViewController.h */,
				189CDE071EF7A7C900C1D59C /* ViewController.m */,
				189CDE1D1EF7AD3D00C1D59C /* Man.h */,
				189CDE1E1EF7AD3D00C1D59C /* Man.m */,
				189CDE201EF7AE0300C1D59C /* Women.h */,
				189CDE211EF7AE0300C1D59C /* Women.m */,
				189CDE191EF7A8B400C1D59C /* ManFactory.h */,
				189CDE1A1EF7A8B400C1D59C /* ManFactory.m */,
				189CDE231EF7B08600C1D59C /* WomenFactory.h */,
				189CDE241EF7B08600C1D59C /* WomenFactory.m */,
				189CDE291EF7BC5D00C1D59C /* FactoryEngine.h */,
				189CDE2A1EF7BC5D00C1D59C /* FactoryEngine.m */,
				189CDE261EF7B65100C1D59C /* Factory.h */,
				189CDE1C1EF7A91000C1D59C /* PersonProtocol.h */,
				189CDE091EF7A7C900C1D59C /* Main.storyboard */,
				189CDE0C1EF7A7C900C1D59C /* Assets.xcassets */,
				189CDE0E1EF7A7C900C1D59C /* LaunchScreen.storyboard */,
				189CDE111EF7A7C900C1D59C /* Info.plist */,
				189CDE121EF7A7C900C1D59C /* main.m */,
				189CDE271EF7BBD100C1D59C /* config.json */,
			);
			path = FactoryDesign;
			sourceTree = "<group>";
		};
/* End PBXGroup section */

/* Begin PBXNativeTarget section */
		189CDDFF1EF7A7C800C1D59C /* FactoryDesign */ = {
			isa = PBXNativeTarget;
			buildConfigurationList = 189CDE161EF7A7C900C1D59C /* Build configuration list for PBXNativeTarget "FactoryDesign" */;
			buildPhases = (
				189CDDFC1EF7A7C800C1D59C /* Sources */,
				189CDDFD1EF7A7C800C1D59C /* Frameworks */,
				189CDDFE1EF7A7C800C1D59C /* Resources */,
			);
			buildRules = (
			);
			dependencies = (
			);
			name = FactoryDesign;
			productName = FactoryDesign;
			productReference = 189CDE001EF7A7C800C1D59C /* FactoryDesign.app */;
			productType = "com.apple.product-type.application";
		};
/* End PBXNativeTarget section */

/* Begin PBXProject section */
		189CDDF81EF7A7C800C1D59C /* Project object */ = {
			isa = PBXProject;
			attributes = {
				LastUpgradeCheck = 0900;
				ORGANIZATIONNAME = ZY;
				TargetAttributes = {
					189CDDFF1EF7A7C800C1D59C = {
						CreatedOnToolsVersion = 9.0;
					};
				};
			};
			buildConfigurationList = 189CDDFB1EF7A7C800C1D59C /* Build configuration list for PBXProject "FactoryDesign" */;
			compatibilityVersion = "Xcode 8.0";
			developmentRegion = en;
			hasScannedForEncodings = 0;
			knownRegions = (
				en,
				Base,
			);
			mainGroup = 189CDDF71EF7A7C700C1D59C;
			productRefGroup = 189CDE011EF7A7C800C1D59C /* Products */;
			projectDirPath = "";
			projectRoot = "";
			targets = (
				189CDDFF1EF7A7C800C1D59C /* FactoryDesign */,
			);
		};
/* End PBXProject section */

/* Begin PBXResourcesBuildPhase section */
		189CDDFE1EF7A7C800C1D59C /* Resources */ = {
			isa = PBXResourcesBuildPhase;
			buildActionMask = 2147483647;
			files = (
				189CDE101EF7A7C900C1D59C /* LaunchScreen.storyboard in Resources */,
				189CDE281EF7BBD200C1D59C /* config.json in Resources */,
				189CDE0D1EF7A7C900C1D59C /* Assets.xcassets in Resources */,
				189CDE0B1EF7A7C900C1D59C /* Main.storyboard in Resources */,
			);
			runOnlyForDeploymentPostprocessing = 0;
		};
/* End PBXResourcesBuildPhase section */

/* Begin PBXSourcesBuildPhase section */
		189CDDFC1EF7A7C800C1D59C /* Sources */ = {
			isa = PBXSourcesBuildPhase;
			buildActionMask = 2147483647;
			files = (
				189CDE2B1EF7BC5D00C1D59C /* FactoryEngine.m in Sources */,
				189CDE221EF7AE0300C1D59C /* Women.m in Sources */,
				189CDE251EF7B08600C1D59C /* WomenFactory.m in Sources */,
				189CDE081EF7A7C900C1D59C /* ViewController.m in Sources */,
				189CDE131EF7A7C900C1D59C /* main.m in Sources */,
				189CDE1F1EF7AD3D00C1D59C /* Man.m in Sources */,
				189CDE051EF7A7C900C1D59C /* AppDelegate.m in Sources */,
				189CDE1B1EF7A8B400C1D59C /* ManFactory.m in Sources */,
			);
			runOnlyForDeploymentPostprocessing = 0;
		};
/* End PBXSourcesBuildPhase section */

/* Begin PBXVariantGroup section */
		189CDE091EF7A7C900C1D59C /* Main.storyboard */ = {
			isa = PBXVariantGroup;
			children = (
				189CDE0A1EF7A7C900C1D59C /* Base */,
			);
			name = Main.storyboard;
			sourceTree = "<group>";
		};
		189CDE0E1EF7A7C900C1D59C /* LaunchScreen.storyboard */ = {
			isa = PBXVariantGroup;
			children = (
				189CDE0F1EF7A7C900C1D59C /* Base */,
			);
			name = LaunchScreen.storyboard;
			sourceTree = "<group>";
		};
/* End PBXVariantGroup section */

/* Begin XCBuildConfiguration section */
		189CDE141EF7A7C900C1D59C /* Debug */ = {
			isa = XCBuildConfiguration;
			buildSettings = {
				ALWAYS_SEARCH_USER_PATHS = NO;
				CLANG_ANALYZER_NONNULL = YES;
				CLANG_ANALYZER_NUMBER_OBJECT_CONVERSION = YES_AGGRESSIVE;
				CLANG_CXX_LANGUAGE_STANDARD = "gnu++14";
				CLANG_CXX_LIBRARY = "libc++";
				CLANG_ENABLE_MODULES = YES;
				CLANG_ENABLE_OBJC_ARC = YES;
				CLANG_WARN_BLOCK_CAPTURE_AUTORELEASING = YES;
				CLANG_WARN_BOOL_CONVERSION = YES;
				CLANG_WARN_COMMA = YES;
				CLANG_WARN_CONSTANT_CONVERSION = YES;
				CLANG_WARN_DIRECT_OBJC_ISA_USAGE = YES_ERROR;
				CLANG_WARN_DOCUMENTATION_COMMENTS = YES;
				CLANG_WARN_EMPTY_BODY = YES;
				CLANG_WARN_ENUM_CONVERSION = YES;
				CLANG_WARN_INFINITE_RECURSION = YES;
				CLANG_WARN_INT_CONVERSION = YES;
				CLANG_WARN_OBJC_ROOT_CLASS = YES_ERROR;
				CLANG_WARN_RANGE_LOOP_ANALYSIS = YES;
				CLANG_WARN_STRICT_PROTOTYPES = YES;
				CLANG_WARN_SUSPICIOUS_MOVE = YES;
				CLANG_WARN_UNGUARDED_AVAILABILITY = YES_AGGRESSIVE;
				CLANG_WARN_UNREACHABLE_CODE = YES;
				CLANG_WARN__DUPLICATE_METHOD_MATCH = YES;
				CODE_SIGN_IDENTITY = "iPhone Developer";
				COPY_PHASE_STRIP = NO;
				DEBUG_INFORMATION_FORMAT = dwarf;
				ENABLE_STRICT_OBJC_MSGSEND = NO;
				ENABLE_TESTABILITY = YES;
				GCC_C_LANGUAGE_STANDARD = gnu11;
				GCC_DYNAMIC_NO_PIC = NO;
				GCC_NO_COMMON_BLOCKS = YES;
				GCC_OPTIMIZATION_LEVEL = 0;
				GCC_PREPROCESSOR_DEFINITIONS = (
					"DEBUG=1",
					"$(inherited)",
				);
				GCC_WARN_64_TO_32_BIT_CONVERSION = YES;
				GCC_WARN_ABOUT_RETURN_TYPE = YES_ERROR;
				GCC_WARN_UNDECLARED_SELECTOR = YES;
				GCC_WARN_UNINITIALIZED_AUTOS = YES_AGGRESSIVE;
				GCC_WARN_UNUSED_FUNCTION = YES;
				GCC_WARN_UNUSED_VARIABLE = YES;
				IPHONEOS_DEPLOYMENT_TARGET = 11.0;
				MTL_ENABLE_DEBUG_INFO = YES;
				ONLY_ACTIVE_ARCH = YES;
				SDKROOT = iphoneos;
			};
			name = Debug;
		};
		189CDE151EF7A7C900C1D59C /* Release */ = {
			isa = XCBuildConfiguration;
			buildSettings = {
				ALWAYS_SEARCH_USER_PATHS = NO;
				CLANG_ANALYZER_NONNULL = YES;
				CLANG_ANALYZER_NUMBER_OBJECT_CONVERSION = YES_AGGRESSIVE;
				CLANG_CXX_LANGUAGE_STANDARD = "gnu++14";
				CLANG_CXX_LIBRARY = "libc++";
				CLANG_ENABLE_MODULES = YES;
				CLANG_ENABLE_OBJC_ARC = YES;
				CLANG_WARN_BLOCK_CAPTURE_AUTORELEASING = YES;
				CLANG_WARN_BOOL_CONVERSION = YES;
				CLANG_WARN_COMMA = YES;
				CLANG_WARN_CONSTANT_CONVERSION = YES;
				CLANG_WARN_DIRECT_OBJC_ISA_USAGE = YES_ERROR;
				CLANG_WARN_DOCUMENTATION_COMMENTS = YES;
				CLANG_WARN_EMPTY_BODY = YES;
				CLANG_WARN_ENUM_CONVERSION = YES;
				CLANG_WARN_INFINITE_RECURSION = YES;
				CLANG_WARN_INT_CONVERSION = YES;
				CLANG_WARN_OBJC_ROOT_CLASS = YES_ERROR;
				CLANG_WARN_RANGE_LOOP_ANALYSIS = YES;
				CLANG_WARN_STRICT_PROTOTYPES = YES;
				CLANG_WARN_SUSPICIOUS_MOVE = YES;
				CLANG_WARN_UNGUARDED_AVAILABILITY = YES_AGGRESSIVE;
				CLANG_WARN_UNREACHABLE_CODE = YES;
				CLANG_WARN__DUPLICATE_METHOD_MATCH = YES;
				CODE_SIGN_IDENTITY = "iPhone Developer";
				COPY_PHASE_STRIP = NO;
				DEBUG_INFORMATION_FORMAT = "dwarf-with-dsym";
				ENABLE_NS_ASSERTIONS = NO;
				ENABLE_STRICT_OBJC_MSGSEND = NO;
				GCC_C_LANGUAGE_STANDARD = gnu11;
				GCC_NO_COMMON_BLOCKS = YES;
				GCC_WARN_64_TO_32_BIT_CONVERSION = YES;
				GCC_WARN_ABOUT_RETURN_TYPE = YES_ERROR;
				GCC_WARN_UNDECLARED_SELECTOR = YES;
				GCC_WARN_UNINITIALIZED_AUTOS = YES_AGGRESSIVE;
				GCC_WARN_UNUSED_FUNCTION = YES;
				GCC_WARN_UNUSED_VARIABLE = YES;
				IPHONEOS_DEPLOYMENT_TARGET = 11.0;
				MTL_ENABLE_DEBUG_INFO = NO;
				SDKROOT = iphoneos;
				VALIDATE_PRODUCT = YES;
			};
			name = Release;
		};
		189CDE171EF7A7C900C1D59C /* Debug */ = {
			isa = XCBuildConfiguration;
			buildSettings = {
				ASSETCATALOG_COMPILER_APPICON_NAME = AppIcon;
				DEVELOPMENT_TEAM = XB9YNJTZ2K;
				INFOPLIST_FILE = FactoryDesign/Info.plist;
				LD_RUNPATH_SEARCH_PATHS = "$(inherited) @executable_path/Frameworks";
				PRODUCT_BUNDLE_IDENTIFIER = ZY.FactoryDesign;
				PRODUCT_NAME = "$(TARGET_NAME)";
				TARGETED_DEVICE_FAMILY = "1,2";
			};
			name = Debug;
		};
		189CDE181EF7A7C900C1D59C /* Release */ = {
			isa = XCBuildConfiguration;
			buildSettings = {
				ASSETCATALOG_COMPILER_APPICON_NAME = AppIcon;
				DEVELOPMENT_TEAM = XB9YNJTZ2K;
				INFOPLIST_FILE = FactoryDesign/Info.plist;
				LD_RUNPATH_SEARCH_PATHS = "$(inherited) @executable_path/Frameworks";
				PRODUCT_BUNDLE_IDENTIFIER = ZY.FactoryDesign;
				PRODUCT_NAME = "$(TARGET_NAME)";
				TARGETED_DEVICE_FAMILY = "1,2";
			};
			name = Release;
		};
/* End XCBuildConfiguration section */

/* Begin XCConfigurationList section */
		189CDDFB1EF7A7C800C1D59C /* Build configuration list for PBXProject "FactoryDesign" */ = {
			isa = XCConfigurationList;
			buildConfigurations = (
				189CDE141EF7A7C900C1D59C /* Debug */,
				189CDE151EF7A7C900C1D59C /* Release */,
			);
			defaultConfigurationIsVisible = 0;
			defaultConfigurationName = Release;
		};
		189CDE161EF7A7C900C1D59C /* Build configuration list for PBXNativeTarget "FactoryDesign" */ = {
			isa = XCConfigurationList;
			buildConfigurations = (
				189CDE171EF7A7C900C1D59C /* Debug */,
				189CDE181EF7A7C900C1D59C /* Release */,
			);
			defaultConfigurationIsVisible = 0;
		};
/* End XCConfigurationList section */
	};
	rootObject = 189CDDF81EF7A7C800C1D59C /* Project object */;
}
